
Microsoft Visual Studio Solution File, Format Version 12.00
# Visual Studio Version 17
VisualStudioVersion = 17.0.32014.148
MinimumVisualStudioVersion = 10.0.40219.1
Project("{FAE04EC0-301F-11D3-BF4B-00C04F79EFBC}") = "bier-backend", "bier-backend\bier-backend.csproj", "{FC9ACD6C-4D96-48D8-992D-2B3167DC62CD}"
EndProject
Global
	GlobalSection(SolutionConfigurationPlatforms) = preSolution
		Debug|Any CPU = Debug|Any CPU
		Release|Any CPU = Release|Any CPU
	EndGlobalSection
	GlobalSection(ProjectConfigurationPlatforms) = postSolution
		{FC9ACD6C-4D96-48D8-992D-2B3167DC62CD}.Debug|Any CPU.ActiveCfg = Debug|Any CPU
		{FC9ACD6C-4D96-48D8-992D-2B3167DC62CD}.Debug|Any CPU.Build.0 = Debug|Any CPU
		{FC9ACD6C-4D96-48D8-992D-2B3167DC62CD}.Release|Any CPU.ActiveCfg = Release|Any CPU
		{FC9ACD6C-4D96-48D8-992D-2B3167DC62CD}.Release|Any CPU.Build.0 = Release|Any CPU
	EndGlobalSection
	GlobalSection(SolutionProperties) = preSolution
		HideSolutionNode = FALSE
	EndGlobalSection
	GlobalSection(ExtensibilityGlobals) = postSolution
		SolutionGuid = {D370E432-0ACD-4ADD-B1DE-9E90F1989F46}
	EndGlobalSection
EndGlobal
